
Microsoft Visual Studio Solution File, Format Version 12.00
# Visual Studio Version 17
VisualStudioVersion = 17.8.34408.163
MinimumVisualStudioVersion = 10.0.40219.1
Project("{2150E333-8FDC-42A3-9474-1A3956D46DE8}") = "Forntend", "Forntend", "{63C6C12F-B91E-460A-9A1B-E43C62B15084}"
EndProject
Project("{2150E333-8FDC-42A3-9474-1A3956D46DE8}") = "Integrations", "Integrations", "{10EC7422-1DE1-482E-ACAC-3F2E375CC9F4}"
EndProject
Project("{2150E333-8FDC-42A3-9474-1A3956D46DE8}") = "GateWay", "GateWay", "{0D9C4934-A077-4DE9-9E4B-0028C348607F}"
EndProject
Project("{2150E333-8FDC-42A3-9474-1A3956D46DE8}") = "Services", "Services", "{A69E132C-7110-43CC-961B-47668A50275F}"
EndProject
Project("{9A19103F-16F7-4668-BE54-9A1E7A4F7556}") = "APIS.Coupon", "Services\APIS.Coupon\APIS.Coupon.csproj", "{943D3503-9400-4CE7-A1E9-41E07B48CEF7}"
EndProject
Project("{9A19103F-16F7-4668-BE54-9A1E7A4F7556}") = "APIS.Web", "Forntend\APIS.Web\APIS.Web.csproj", "{186FC441-AFD1-4D5F-8705-6D5680E13EAD}"
EndProject
Project("{9A19103F-16F7-4668-BE54-9A1E7A4F7556}") = "APIS.Auth", "Services\APIS.Auth\APIS.Auth.csproj", "{5C65F637-43E5-477E-B2C9-2E1EFCE3BA14}"
EndProject
Project("{FAE04EC0-301F-11D3-BF4B-00C04F79EFBC}") = "APIS.Products", "APIS.Products\APIS.Products.csproj", "{9C87DFA2-82A0-4410-B0EC-982A16A773D2}"
EndProject
Project("{FAE04EC0-301F-11D3-BF4B-00C04F79EFBC}") = "APIS.ShoppingCart", "APIS.ShoppingCart\APIS.ShoppingCart.csproj", "{4FEBDDBB-FCE0-4892-A781-F701B2649AE1}"
EndProject
Global
	GlobalSection(SolutionConfigurationPlatforms) = preSolution
		Debug|Any CPU = Debug|Any CPU
		Release|Any CPU = Release|Any CPU
	EndGlobalSection
	GlobalSection(ProjectConfigurationPlatforms) = postSolution
		{943D3503-9400-4CE7-A1E9-41E07B48CEF7}.Debug|Any CPU.ActiveCfg = Debug|Any CPU
		{943D3503-9400-4CE7-A1E9-41E07B48CEF7}.Debug|Any CPU.Build.0 = Debug|Any CPU
		{943D3503-9400-4CE7-A1E9-41E07B48CEF7}.Release|Any CPU.ActiveCfg = Release|Any CPU
		{943D3503-9400-4CE7-A1E9-41E07B48CEF7}.Release|Any CPU.Build.0 = Release|Any CPU
		{186FC441-AFD1-4D5F-8705-6D5680E13EAD}.Debug|Any CPU.ActiveCfg = Debug|Any CPU
		{186FC441-AFD1-4D5F-8705-6D5680E13EAD}.Debug|Any CPU.Build.0 = Debug|Any CPU
		{186FC441-AFD1-4D5F-8705-6D5680E13EAD}.Release|Any CPU.ActiveCfg = Release|Any CPU
		{186FC441-AFD1-4D5F-8705-6D5680E13EAD}.Release|Any CPU.Build.0 = Release|Any CPU
		{5C65F637-43E5-477E-B2C9-2E1EFCE3BA14}.Debug|Any CPU.ActiveCfg = Debug|Any CPU
		{5C65F637-43E5-477E-B2C9-2E1EFCE3BA14}.Debug|Any CPU.Build.0 = Debug|Any CPU
		{5C65F637-43E5-477E-B2C9-2E1EFCE3BA14}.Release|Any CPU.ActiveCfg = Release|Any CPU
		{5C65F637-43E5-477E-B2C9-2E1EFCE3BA14}.Release|Any CPU.Build.0 = Release|Any CPU
		{9C87DFA2-82A0-4410-B0EC-982A16A773D2}.Debug|Any CPU.ActiveCfg = Debug|Any CPU
		{9C87DFA2-82A0-4410-B0EC-982A16A773D2}.Debug|Any CPU.Build.0 = Debug|Any CPU
		{9C87DFA2-82A0-4410-B0EC-982A16A773D2}.Release|Any CPU.ActiveCfg = Release|Any CPU
		{9C87DFA2-82A0-4410-B0EC-982A16A773D2}.Release|Any CPU.Build.0 = Release|Any CPU
		{4FEBDDBB-FCE0-4892-A781-F701B2649AE1}.Debug|Any CPU.ActiveCfg = Debug|Any CPU
		{4FEBDDBB-FCE0-4892-A781-F701B2649AE1}.Debug|Any CPU.Build.0 = Debug|Any CPU
		{4FEBDDBB-FCE0-4892-A781-F701B2649AE1}.Release|Any CPU.ActiveCfg = Release|Any CPU
		{4FEBDDBB-FCE0-4892-A781-F701B2649AE1}.Release|Any CPU.Build.0 = Release|Any CPU
	EndGlobalSection
	GlobalSection(SolutionProperties) = preSolution
		HideSolutionNode = FALSE
	EndGlobalSection
	GlobalSection(NestedProjects) = preSolution
		{943D3503-9400-4CE7-A1E9-41E07B48CEF7} = {A69E132C-7110-43CC-961B-47668A50275F}
		{186FC441-AFD1-4D5F-8705-6D5680E13EAD} = {63C6C12F-B91E-460A-9A1B-E43C62B15084}
		{5C65F637-43E5-477E-B2C9-2E1EFCE3BA14} = {A69E132C-7110-43CC-961B-47668A50275F}
		{9C87DFA2-82A0-4410-B0EC-982A16A773D2} = {A69E132C-7110-43CC-961B-47668A50275F}
		{4FEBDDBB-FCE0-4892-A781-F701B2649AE1} = {A69E132C-7110-43CC-961B-47668A50275F}
	EndGlobalSection
	GlobalSection(ExtensibilityGlobals) = postSolution
		SolutionGuid = {2619718C-2E01-4FDB-A43A-8C49E8270CF4}
	EndGlobalSection
EndGlobal
